
Microsoft Visual Studio Solution File, Format Version 12.00
# Visual Studio Version 17
VisualStudioVersion = 17.0.31903.59
MinimumVisualStudioVersion = 10.0.40219.1
Project("{2150E333-8FDC-42A3-9474-1A3956D46DE8}") = "src", "src", "{827E0CD3-B72D-47B6-A68D-7590B98EB39B}"
EndProject
Project("{FAE04EC0-301F-11D3-BF4B-00C04F79EFBC}") = "PPDS.Plugins", "src\PPDS.Plugins\PPDS.Plugins.csproj", "{1E79DC81-59E1-4E4F-8B73-7F05E99F03F4}"
EndProject
Project("{2150E333-8FDC-42A3-9474-1A3956D46DE8}") = "tests", "tests", "{0AB3BF05-4346-4AA6-1389-037BE0695223}"
EndProject
Project("{FAE04EC0-301F-11D3-BF4B-00C04F79EFBC}") = "PPDS.Plugins.Tests", "tests\PPDS.Plugins.Tests\PPDS.Plugins.Tests.csproj", "{C7CC0394-6DE6-44C6-A6F3-EC9F5376B0D0}"
EndProject
Project("{FAE04EC0-301F-11D3-BF4B-00C04F79EFBC}") = "PPDS.Dataverse", "src\PPDS.Dataverse\PPDS.Dataverse.csproj", "{B1B07978-1CCC-4DE3-A9AD-2E0B10DF6CB0}"
EndProject
Project("{FAE04EC0-301F-11D3-BF4B-00C04F79EFBC}") = "PPDS.Dataverse.Tests", "tests\PPDS.Dataverse.Tests\PPDS.Dataverse.Tests.csproj", "{738F9CC6-9EAC-4EA0-9B8B-DD6A5157A1F1}"
EndProject
Project("{FAE04EC0-301F-11D3-BF4B-00C04F79EFBC}") = "PPDS.Cli", "src\PPDS.Cli\PPDS.Cli.csproj", "{10DA306C-4AB2-464D-B090-3DA7B18B1C08}"
EndProject
Project("{FAE04EC0-301F-11D3-BF4B-00C04F79EFBC}") = "PPDS.Cli.Tests", "tests\PPDS.Cli.Tests\PPDS.Cli.Tests.csproj", "{45DB0E17-0355-4342-8218-2FD8FA545157}"
EndProject
Project("{FAE04EC0-301F-11D3-BF4B-00C04F79EFBC}") = "PPDS.Migration", "src\PPDS.Migration\PPDS.Migration.csproj", "{1642C0BD-0B5B-476D-86EB-73BE3CD9BD67}"
EndProject
Project("{FAE04EC0-301F-11D3-BF4B-00C04F79EFBC}") = "PPDS.Auth", "src\PPDS.Auth\PPDS.Auth.csproj", "{5B3662DC-7BC8-4981-8F0F-30FB12CFD3F7}"
EndProject
Project("{FAE04EC0-301F-11D3-BF4B-00C04F79EFBC}") = "PPDS.Dataverse.IntegrationTests", "tests\PPDS.Dataverse.IntegrationTests\PPDS.Dataverse.IntegrationTests.csproj", "{4CA09022-5929-44B8-9777-CA824EC9A8EE}"
EndProject
Project("{FAE04EC0-301F-11D3-BF4B-00C04F79EFBC}") = "PPDS.Auth.IntegrationTests", "tests\PPDS.Auth.IntegrationTests\PPDS.Auth.IntegrationTests.csproj", "{9C52B513-E62D-49D4-9D5A-3F8C5BAB2876}"
EndProject
Project("{FAE04EC0-301F-11D3-BF4B-00C04F79EFBC}") = "PPDS.LiveTests", "tests\PPDS.LiveTests\PPDS.LiveTests.csproj", "{EF193372-AD19-4918-87F2-5B875AC840E1}"
EndProject
Project("{FAE04EC0-301F-11D3-BF4B-00C04F79EFBC}") = "PPDS.Migration.Tests", "tests\PPDS.Migration.Tests\PPDS.Migration.Tests.csproj", "{8EC120F4-EB87-4C2F-B12F-3AD14C857BA9}"
EndProject
Project("{FAE04EC0-301F-11D3-BF4B-00C04F79EFBC}") = "PPDS.Auth.Tests", "tests\PPDS.Auth.Tests\PPDS.Auth.Tests.csproj", "{B1D38F8D-67C5-431F-BB47-BF02AE1E4AEB}"
EndProject
Project("{FAE04EC0-301F-11D3-BF4B-00C04F79EFBC}") = "PPDS.LiveTests.Fixtures", "tests\PPDS.LiveTests.Fixtures\PPDS.LiveTests.Fixtures.csproj", "{9FC294F4-9010-497A-808A-8F336AE6B5B4}"
EndProject
Project("{FAE04EC0-301F-11D3-BF4B-00C04F79EFBC}") = "PPDS.Cli.DaemonTests", "tests\PPDS.Cli.DaemonTests\PPDS.Cli.DaemonTests.csproj", "{04BEC730-FDD3-4204-A020-08092795BD03}"
EndProject
Project("{FAE04EC0-301F-11D3-BF4B-00C04F79EFBC}") = "PPDS.Analyzers", "src\PPDS.Analyzers\PPDS.Analyzers.csproj", "{E7084D22-4885-4361-9BC3-208D6AAC82C8}"
EndProject
Project("{FAE04EC0-301F-11D3-BF4B-00C04F79EFBC}") = "PPDS.Mcp", "src\PPDS.Mcp\PPDS.Mcp.csproj", "{11A258EE-68CF-4057-825C-07F1F058C0A5}"
EndProject
Project("{FAE04EC0-301F-11D3-BF4B-00C04F79EFBC}") = "PPDS.Mcp.Tests", "tests\PPDS.Mcp.Tests\PPDS.Mcp.Tests.csproj", "{32E1F09F-D6A6-4605-8902-1FC97692E9D3}"
EndProject
Project("{FAE04EC0-301F-11D3-BF4B-00C04F79EFBC}") = "PPDS.Query", "src\PPDS.Query\PPDS.Query.csproj", "{7A3F8B2E-C4D5-4E6F-A7B8-9C0D1E2F3A4B}"
EndProject
Project("{FAE04EC0-301F-11D3-BF4B-00C04F79EFBC}") = "PPDS.Query.Tests", "tests\PPDS.Query.Tests\PPDS.Query.Tests.csproj", "{8B4F9C3F-D5E6-4F7A-B8C9-0D1E2F3A4B5C}"
EndProject
Global
	GlobalSection(SolutionConfigurationPlatforms) = preSolution
		Debug|Any CPU = Debug|Any CPU
		Debug|x64 = Debug|x64
		Debug|x86 = Debug|x86
		Release|Any CPU = Release|Any CPU
		Release|x64 = Release|x64
		Release|x86 = Release|x86
	EndGlobalSection
	GlobalSection(ProjectConfigurationPlatforms) = postSolution
		{1E79DC81-59E1-4E4F-8B73-7F05E99F03F4}.Debug|Any CPU.ActiveCfg = Debug|Any CPU
		{1E79DC81-59E1-4E4F-8B73-7F05E99F03F4}.Debug|Any CPU.Build.0 = Debug|Any CPU
		{1E79DC81-59E1-4E4F-8B73-7F05E99F03F4}.Debug|x64.ActiveCfg = Debug|Any CPU
		{1E79DC81-59E1-4E4F-8B73-7F05E99F03F4}.Debug|x64.Build.0 = Debug|Any CPU
		{1E79DC81-59E1-4E4F-8B73-7F05E99F03F4}.Debug|x86.ActiveCfg = Debug|Any CPU
		{1E79DC81-59E1-4E4F-8B73-7F05E99F03F4}.Debug|x86.Build.0 = Debug|Any CPU
		{1E79DC81-59E1-4E4F-8B73-7F05E99F03F4}.Release|Any CPU.ActiveCfg = Release|Any CPU
		{1E79DC81-59E1-4E4F-8B73-7F05E99F03F4}.Release|Any CPU.Build.0 = Release|Any CPU
		{1E79DC81-59E1-4E4F-8B73-7F05E99F03F4}.Release|x64.ActiveCfg = Release|Any CPU
		{1E79DC81-59E1-4E4F-8B73-7F05E99F03F4}.Release|x64.Build.0 = Release|Any CPU
		{1E79DC81-59E1-4E4F-8B73-7F05E99F03F4}.Release|x86.ActiveCfg = Release|Any CPU
		{1E79DC81-59E1-4E4F-8B73-7F05E99F03F4}.Release|x86.Build.0 = Release|Any CPU
		{C7CC0394-6DE6-44C6-A6F3-EC9F5376B0D0}.Debug|Any CPU.ActiveCfg = Debug|Any CPU
		{C7CC0394-6DE6-44C6-A6F3-EC9F5376B0D0}.Debug|Any CPU.Build.0 = Debug|Any CPU
		{C7CC0394-6DE6-44C6-A6F3-EC9F5376B0D0}.Debug|x64.ActiveCfg = Debug|Any CPU
		{C7CC0394-6DE6-44C6-A6F3-EC9F5376B0D0}.Debug|x64.Build.0 = Debug|Any CPU
		{C7CC0394-6DE6-44C6-A6F3-EC9F5376B0D0}.Debug|x86.ActiveCfg = Debug|Any CPU
		{C7CC0394-6DE6-44C6-A6F3-EC9F5376B0D0}.Debug|x86.Build.0 = Debug|Any CPU
		{C7CC0394-6DE6-44C6-A6F3-EC9F5376B0D0}.Release|Any CPU.ActiveCfg = Release|Any CPU
		{C7CC0394-6DE6-44C6-A6F3-EC9F5376B0D0}.Release|Any CPU.Build.0 = Release|Any CPU
		{C7CC0394-6DE6-44C6-A6F3-EC9F5376B0D0}.Release|x64.ActiveCfg = Release|Any CPU
		{C7CC0394-6DE6-44C6-A6F3-EC9F5376B0D0}.Release|x64.Build.0 = Release|Any CPU
		{C7CC0394-6DE6-44C6-A6F3-EC9F5376B0D0}.Release|x86.ActiveCfg = Release|Any CPU
		{C7CC0394-6DE6-44C6-A6F3-EC9F5376B0D0}.Release|x86.Build.0 = Release|Any CPU
		{B1B07978-1CCC-4DE3-A9AD-2E0B10DF6CB0}.Debug|Any CPU.ActiveCfg = Debug|Any CPU
		{B1B07978-1CCC-4DE3-A9AD-2E0B10DF6CB0}.Debug|Any CPU.Build.0 = Debug|Any CPU
		{B1B07978-1CCC-4DE3-A9AD-2E0B10DF6CB0}.Debug|x64.ActiveCfg = Debug|Any CPU
		{B1B07978-1CCC-4DE3-A9AD-2E0B10DF6CB0}.Debug|x64.Build.0 = Debug|Any CPU
		{B1B07978-1CCC-4DE3-A9AD-2E0B10DF6CB0}.Debug|x86.ActiveCfg = Debug|Any CPU
		{B1B07978-1CCC-4DE3-A9AD-2E0B10DF6CB0}.Debug|x86.Build.0 = Debug|Any CPU
		{B1B07978-1CCC-4DE3-A9AD-2E0B10DF6CB0}.Release|Any CPU.ActiveCfg = Release|Any CPU
		{B1B07978-1CCC-4DE3-A9AD-2E0B10DF6CB0}.Release|Any CPU.Build.0 = Release|Any CPU
		{B1B07978-1CCC-4DE3-A9AD-2E0B10DF6CB0}.Release|x64.ActiveCfg = Release|Any CPU
		{B1B07978-1CCC-4DE3-A9AD-2E0B10DF6CB0}.Release|x64.Build.0 = Release|Any CPU
		{B1B07978-1CCC-4DE3-A9AD-2E0B10DF6CB0}.Release|x86.ActiveCfg = Release|Any CPU
		{B1B07978-1CCC-4DE3-A9AD-2E0B10DF6CB0}.Release|x86.Build.0 = Release|Any CPU
		{738F9CC6-9EAC-4EA0-9B8B-DD6A5157A1F1}.Debug|Any CPU.ActiveCfg = Debug|Any CPU
		{738F9CC6-9EAC-4EA0-9B8B-DD6A5157A1F1}.Debug|Any CPU.Build.0 = Debug|Any CPU
		{738F9CC6-9EAC-4EA0-9B8B-DD6A5157A1F1}.Debug|x64.ActiveCfg = Debug|Any CPU
		{738F9CC6-9EAC-4EA0-9B8B-DD6A5157A1F1}.Debug|x64.Build.0 = Debug|Any CPU
		{738F9CC6-9EAC-4EA0-9B8B-DD6A5157A1F1}.Debug|x86.ActiveCfg = Debug|Any CPU
		{738F9CC6-9EAC-4EA0-9B8B-DD6A5157A1F1}.Debug|x86.Build.0 = Debug|Any CPU
		{738F9CC6-9EAC-4EA0-9B8B-DD6A5157A1F1}.Release|Any CPU.ActiveCfg = Release|Any CPU
		{738F9CC6-9EAC-4EA0-9B8B-DD6A5157A1F1}.Release|Any CPU.Build.0 = Release|Any CPU
		{738F9CC6-9EAC-4EA0-9B8B-DD6A5157A1F1}.Release|x64.ActiveCfg = Release|Any CPU
		{738F9CC6-9EAC-4EA0-9B8B-DD6A5157A1F1}.Release|x64.Build.0 = Release|Any CPU
		{738F9CC6-9EAC-4EA0-9B8B-DD6A5157A1F1}.Release|x86.ActiveCfg = Release|Any CPU
		{738F9CC6-9EAC-4EA0-9B8B-DD6A5157A1F1}.Release|x86.Build.0 = Release|Any CPU
		{10DA306C-4AB2-464D-B090-3DA7B18B1C08}.Debug|Any CPU.ActiveCfg = Debug|Any CPU
		{10DA306C-4AB2-464D-B090-3DA7B18B1C08}.Debug|Any CPU.Build.0 = Debug|Any CPU
		{10DA306C-4AB2-464D-B090-3DA7B18B1C08}.Debug|x64.ActiveCfg = Debug|Any CPU
		{10DA306C-4AB2-464D-B090-3DA7B18B1C08}.Debug|x64.Build.0 = Debug|Any CPU
		{10DA306C-4AB2-464D-B090-3DA7B18B1C08}.Debug|x86.ActiveCfg = Debug|Any CPU
		{10DA306C-4AB2-464D-B090-3DA7B18B1C08}.Debug|x86.Build.0 = Debug|Any CPU
		{10DA306C-4AB2-464D-B090-3DA7B18B1C08}.Release|Any CPU.ActiveCfg = Release|Any CPU
		{10DA306C-4AB2-464D-B090-3DA7B18B1C08}.Release|Any CPU.Build.0 = Release|Any CPU
		{10DA306C-4AB2-464D-B090-3DA7B18B1C08}.Release|x64.ActiveCfg = Release|Any CPU
		{10DA306C-4AB2-464D-B090-3DA7B18B1C08}.Release|x64.Build.0 = Release|Any CPU
		{10DA306C-4AB2-464D-B090-3DA7B18B1C08}.Release|x86.ActiveCfg = Release|Any CPU
		{10DA306C-4AB2-464D-B090-3DA7B18B1C08}.Release|x86.Build.0 = Release|Any CPU
		{45DB0E17-0355-4342-8218-2FD8FA545157}.Debug|Any CPU.ActiveCfg = Debug|Any CPU
		{45DB0E17-0355-4342-8218-2FD8FA545157}.Debug|Any CPU.Build.0 = Debug|Any CPU
		{45DB0E17-0355-4342-8218-2FD8FA545157}.Debug|x64.ActiveCfg = Debug|Any CPU
		{45DB0E17-0355-4342-8218-2FD8FA545157}.Debug|x64.Build.0 = Debug|Any CPU
		{45DB0E17-0355-4342-8218-2FD8FA545157}.Debug|x86.ActiveCfg = Debug|Any CPU
		{45DB0E17-0355-4342-8218-2FD8FA545157}.Debug|x86.Build.0 = Debug|Any CPU
		{45DB0E17-0355-4342-8218-2FD8FA545157}.Release|Any CPU.ActiveCfg = Release|Any CPU
		{45DB0E17-0355-4342-8218-2FD8FA545157}.Release|Any CPU.Build.0 = Release|Any CPU
		{45DB0E17-0355-4342-8218-2FD8FA545157}.Release|x64.ActiveCfg = Release|Any CPU
		{45DB0E17-0355-4342-8218-2FD8FA545157}.Release|x64.Build.0 = Release|Any CPU
		{45DB0E17-0355-4342-8218-2FD8FA545157}.Release|x86.ActiveCfg = Release|Any CPU
		{45DB0E17-0355-4342-8218-2FD8FA545157}.Release|x86.Build.0 = Release|Any CPU
		{1642C0BD-0B5B-476D-86EB-73BE3CD9BD67}.Debug|Any CPU.ActiveCfg = Debug|Any CPU
		{1642C0BD-0B5B-476D-86EB-73BE3CD9BD67}.Debug|Any CPU.Build.0 = Debug|Any CPU
		{1642C0BD-0B5B-476D-86EB-73BE3CD9BD67}.Debug|x64.ActiveCfg = Debug|Any CPU
		{1642C0BD-0B5B-476D-86EB-73BE3CD9BD67}.Debug|x64.Build.0 = Debug|Any CPU
		{1642C0BD-0B5B-476D-86EB-73BE3CD9BD67}.Debug|x86.ActiveCfg = Debug|Any CPU
		{1642C0BD-0B5B-476D-86EB-73BE3CD9BD67}.Debug|x86.Build.0 = Debug|Any CPU
		{1642C0BD-0B5B-476D-86EB-73BE3CD9BD67}.Release|Any CPU.ActiveCfg = Release|Any CPU
		{1642C0BD-0B5B-476D-86EB-73BE3CD9BD67}.Release|Any CPU.Build.0 = Release|Any CPU
		{1642C0BD-0B5B-476D-86EB-73BE3CD9BD67}.Release|x64.ActiveCfg = Release|Any CPU
		{1642C0BD-0B5B-476D-86EB-73BE3CD9BD67}.Release|x64.Build.0 = Release|Any CPU
		{1642C0BD-0B5B-476D-86EB-73BE3CD9BD67}.Release|x86.ActiveCfg = Release|Any CPU
		{1642C0BD-0B5B-476D-86EB-73BE3CD9BD67}.Release|x86.Build.0 = Release|Any CPU
		{5B3662DC-7BC8-4981-8F0F-30FB12CFD3F7}.Debug|Any CPU.ActiveCfg = Debug|Any CPU
		{5B3662DC-7BC8-4981-8F0F-30FB12CFD3F7}.Debug|Any CPU.Build.0 = Debug|Any CPU
		{5B3662DC-7BC8-4981-8F0F-30FB12CFD3F7}.Debug|x64.ActiveCfg = Debug|Any CPU
		{5B3662DC-7BC8-4981-8F0F-30FB12CFD3F7}.Debug|x64.Build.0 = Debug|Any CPU
		{5B3662DC-7BC8-4981-8F0F-30FB12CFD3F7}.Debug|x86.ActiveCfg = Debug|Any CPU
		{5B3662DC-7BC8-4981-8F0F-30FB12CFD3F7}.Debug|x86.Build.0 = Debug|Any CPU
		{5B3662DC-7BC8-4981-8F0F-30FB12CFD3F7}.Release|Any CPU.ActiveCfg = Release|Any CPU
		{5B3662DC-7BC8-4981-8F0F-30FB12CFD3F7}.Release|Any CPU.Build.0 = Release|Any CPU
		{5B3662DC-7BC8-4981-8F0F-30FB12CFD3F7}.Release|x64.ActiveCfg = Release|Any CPU
		{5B3662DC-7BC8-4981-8F0F-30FB12CFD3F7}.Release|x64.Build.0 = Release|Any CPU
		{5B3662DC-7BC8-4981-8F0F-30FB12CFD3F7}.Release|x86.ActiveCfg = Release|Any CPU
		{5B3662DC-7BC8-4981-8F0F-30FB12CFD3F7}.Release|x86.Build.0 = Release|Any CPU
		{4CA09022-5929-44B8-9777-CA824EC9A8EE}.Debug|Any CPU.ActiveCfg = Debug|Any CPU
		{4CA09022-5929-44B8-9777-CA824EC9A8EE}.Debug|Any CPU.Build.0 = Debug|Any CPU
		{4CA09022-5929-44B8-9777-CA824EC9A8EE}.Debug|x64.ActiveCfg = Debug|Any CPU
		{4CA09022-5929-44B8-9777-CA824EC9A8EE}.Debug|x64.Build.0 = Debug|Any CPU
		{4CA09022-5929-44B8-9777-CA824EC9A8EE}.Debug|x86.ActiveCfg = Debug|Any CPU
		{4CA09022-5929-44B8-9777-CA824EC9A8EE}.Debug|x86.Build.0 = Debug|Any CPU
		{4CA09022-5929-44B8-9777-CA824EC9A8EE}.Release|Any CPU.ActiveCfg = Release|Any CPU
		{4CA09022-5929-44B8-9777-CA824EC9A8EE}.Release|Any CPU.Build.0 = Release|Any CPU
		{4CA09022-5929-44B8-9777-CA824EC9A8EE}.Release|x64.ActiveCfg = Release|Any CPU
		{4CA09022-5929-44B8-9777-CA824EC9A8EE}.Release|x64.Build.0 = Release|Any CPU
		{4CA09022-5929-44B8-9777-CA824EC9A8EE}.Release|x86.ActiveCfg = Release|Any CPU
		{4CA09022-5929-44B8-9777-CA824EC9A8EE}.Release|x86.Build.0 = Release|Any CPU
		{9C52B513-E62D-49D4-9D5A-3F8C5BAB2876}.Debug|Any CPU.ActiveCfg = Debug|Any CPU
		{9C52B513-E62D-49D4-9D5A-3F8C5BAB2876}.Debug|Any CPU.Build.0 = Debug|Any CPU
		{9C52B513-E62D-49D4-9D5A-3F8C5BAB2876}.Debug|x64.ActiveCfg = Debug|Any CPU
		{9C52B513-E62D-49D4-9D5A-3F8C5BAB2876}.Debug|x64.Build.0 = Debug|Any CPU
		{9C52B513-E62D-49D4-9D5A-3F8C5BAB2876}.Debug|x86.ActiveCfg = Debug|Any CPU
		{9C52B513-E62D-49D4-9D5A-3F8C5BAB2876}.Debug|x86.Build.0 = Debug|Any CPU
		{9C52B513-E62D-49D4-9D5A-3F8C5BAB2876}.Release|Any CPU.ActiveCfg = Release|Any CPU
		{9C52B513-E62D-49D4-9D5A-3F8C5BAB2876}.Release|Any CPU.Build.0 = Release|Any CPU
		{9C52B513-E62D-49D4-9D5A-3F8C5BAB2876}.Release|x64.ActiveCfg = Release|Any CPU
		{9C52B513-E62D-49D4-9D5A-3F8C5BAB2876}.Release|x64.Build.0 = Release|Any CPU
		{9C52B513-E62D-49D4-9D5A-3F8C5BAB2876}.Release|x86.ActiveCfg = Release|Any CPU
		{9C52B513-E62D-49D4-9D5A-3F8C5BAB2876}.Release|x86.Build.0 = Release|Any CPU
		{EF193372-AD19-4918-87F2-5B875AC840E1}.Debug|Any CPU.ActiveCfg = Debug|Any CPU
		{EF193372-AD19-4918-87F2-5B875AC840E1}.Debug|Any CPU.Build.0 = Debug|Any CPU
		{EF193372-AD19-4918-87F2-5B875AC840E1}.Debug|x64.ActiveCfg = Debug|Any CPU
		{EF193372-AD19-4918-87F2-5B875AC840E1}.Debug|x64.Build.0 = Debug|Any CPU
		{EF193372-AD19-4918-87F2-5B875AC840E1}.Debug|x86.ActiveCfg = Debug|Any CPU
		{EF193372-AD19-4918-87F2-5B875AC840E1}.Debug|x86.Build.0 = Debug|Any CPU
		{EF193372-AD19-4918-87F2-5B875AC840E1}.Release|Any CPU.ActiveCfg = Release|Any CPU
		{EF193372-AD19-4918-87F2-5B875AC840E1}.Release|Any CPU.Build.0 = Release|Any CPU
		{EF193372-AD19-4918-87F2-5B875AC840E1}.Release|x64.ActiveCfg = Release|Any CPU
		{EF193372-AD19-4918-87F2-5B875AC840E1}.Release|x64.Build.0 = Release|Any CPU
		{EF193372-AD19-4918-87F2-5B875AC840E1}.Release|x86.ActiveCfg = Release|Any CPU
		{EF193372-AD19-4918-87F2-5B875AC840E1}.Release|x86.Build.0 = Release|Any CPU
		{8EC120F4-EB87-4C2F-B12F-3AD14C857BA9}.Debug|Any CPU.ActiveCfg = Debug|Any CPU
		{8EC120F4-EB87-4C2F-B12F-3AD14C857BA9}.Debug|Any CPU.Build.0 = Debug|Any CPU
		{8EC120F4-EB87-4C2F-B12F-3AD14C857BA9}.Debug|x64.ActiveCfg = Debug|Any CPU
		{8EC120F4-EB87-4C2F-B12F-3AD14C857BA9}.Debug|x64.Build.0 = Debug|Any CPU
		{8EC120F4-EB87-4C2F-B12F-3AD14C857BA9}.Debug|x86.ActiveCfg = Debug|Any CPU
		{8EC120F4-EB87-4C2F-B12F-3AD14C857BA9}.Debug|x86.Build.0 = Debug|Any CPU
		{8EC120F4-EB87-4C2F-B12F-3AD14C857BA9}.Release|Any CPU.ActiveCfg = Release|Any CPU
		{8EC120F4-EB87-4C2F-B12F-3AD14C857BA9}.Release|Any CPU.Build.0 = Release|Any CPU
		{8EC120F4-EB87-4C2F-B12F-3AD14C857BA9}.Release|x64.ActiveCfg = Release|Any CPU
		{8EC120F4-EB87-4C2F-B12F-3AD14C857BA9}.Release|x64.Build.0 = Release|Any CPU
		{8EC120F4-EB87-4C2F-B12F-3AD14C857BA9}.Release|x86.ActiveCfg = Release|Any CPU
		{8EC120F4-EB87-4C2F-B12F-3AD14C857BA9}.Release|x86.Build.0 = Release|Any CPU
		{B1D38F8D-67C5-431F-BB47-BF02AE1E4AEB}.Debug|Any CPU.ActiveCfg = Debug|Any CPU
		{B1D38F8D-67C5-431F-BB47-BF02AE1E4AEB}.Debug|Any CPU.Build.0 = Debug|Any CPU
		{B1D38F8D-67C5-431F-BB47-BF02AE1E4AEB}.Debug|x64.ActiveCfg = Debug|Any CPU
		{B1D38F8D-67C5-431F-BB47-BF02AE1E4AEB}.Debug|x64.Build.0 = Debug|Any CPU
		{B1D38F8D-67C5-431F-BB47-BF02AE1E4AEB}.Debug|x86.ActiveCfg = Debug|Any CPU
		{B1D38F8D-67C5-431F-BB47-BF02AE1E4AEB}.Debug|x86.Build.0 = Debug|Any CPU
		{B1D38F8D-67C5-431F-BB47-BF02AE1E4AEB}.Release|Any CPU.ActiveCfg = Release|Any CPU
		{B1D38F8D-67C5-431F-BB47-BF02AE1E4AEB}.Release|Any CPU.Build.0 = Release|Any CPU
		{B1D38F8D-67C5-431F-BB47-BF02AE1E4AEB}.Release|x64.ActiveCfg = Release|Any CPU
		{B1D38F8D-67C5-431F-BB47-BF02AE1E4AEB}.Release|x64.Build.0 = Release|Any CPU
		{B1D38F8D-67C5-431F-BB47-BF02AE1E4AEB}.Release|x86.ActiveCfg = Release|Any CPU
		{B1D38F8D-67C5-431F-BB47-BF02AE1E4AEB}.Release|x86.Build.0 = Release|Any CPU
		{9FC294F4-9010-497A-808A-8F336AE6B5B4}.Debug|Any CPU.ActiveCfg = Debug|Any CPU
		{9FC294F4-9010-497A-808A-8F336AE6B5B4}.Debug|Any CPU.Build.0 = Debug|Any CPU
		{9FC294F4-9010-497A-808A-8F336AE6B5B4}.Debug|x64.ActiveCfg = Debug|Any CPU
		{9FC294F4-9010-497A-808A-8F336AE6B5B4}.Debug|x64.Build.0 = Debug|Any CPU
		{9FC294F4-9010-497A-808A-8F336AE6B5B4}.Debug|x86.ActiveCfg = Debug|Any CPU
		{9FC294F4-9010-497A-808A-8F336AE6B5B4}.Debug|x86.Build.0 = Debug|Any CPU
		{9FC294F4-9010-497A-808A-8F336AE6B5B4}.Release|Any CPU.ActiveCfg = Release|Any CPU
		{9FC294F4-9010-497A-808A-8F336AE6B5B4}.Release|Any CPU.Build.0 = Release|Any CPU
		{9FC294F4-9010-497A-808A-8F336AE6B5B4}.Release|x64.ActiveCfg = Release|Any CPU
		{9FC294F4-9010-497A-808A-8F336AE6B5B4}.Release|x64.Build.0 = Release|Any CPU
		{9FC294F4-9010-497A-808A-8F336AE6B5B4}.Release|x86.ActiveCfg = Release|Any CPU
		{9FC294F4-9010-497A-808A-8F336AE6B5B4}.Release|x86.Build.0 = Release|Any CPU
		{04BEC730-FDD3-4204-A020-08092795BD03}.Debug|Any CPU.ActiveCfg = Debug|Any CPU
		{04BEC730-FDD3-4204-A020-08092795BD03}.Debug|Any CPU.Build.0 = Debug|Any CPU
		{04BEC730-FDD3-4204-A020-08092795BD03}.Debug|x64.ActiveCfg = Debug|Any CPU
		{04BEC730-FDD3-4204-A020-08092795BD03}.Debug|x64.Build.0 = Debug|Any CPU
		{04BEC730-FDD3-4204-A020-08092795BD03}.Debug|x86.ActiveCfg = Debug|Any CPU
		{04BEC730-FDD3-4204-A020-08092795BD03}.Debug|x86.Build.0 = Debug|Any CPU
		{04BEC730-FDD3-4204-A020-08092795BD03}.Release|Any CPU.ActiveCfg = Release|Any CPU
		{04BEC730-FDD3-4204-A020-08092795BD03}.Release|Any CPU.Build.0 = Release|Any CPU
		{04BEC730-FDD3-4204-A020-08092795BD03}.Release|x64.ActiveCfg = Release|Any CPU
		{04BEC730-FDD3-4204-A020-08092795BD03}.Release|x64.Build.0 = Release|Any CPU
		{04BEC730-FDD3-4204-A020-08092795BD03}.Release|x86.ActiveCfg = Release|Any CPU
		{04BEC730-FDD3-4204-A020-08092795BD03}.Release|x86.Build.0 = Release|Any CPU
		{E7084D22-4885-4361-9BC3-208D6AAC82C8}.Debug|Any CPU.ActiveCfg = Debug|Any CPU
		{E7084D22-4885-4361-9BC3-208D6AAC82C8}.Debug|Any CPU.Build.0 = Debug|Any CPU
		{E7084D22-4885-4361-9BC3-208D6AAC82C8}.Debug|x64.ActiveCfg = Debug|Any CPU
		{E7084D22-4885-4361-9BC3-208D6AAC82C8}.Debug|x64.Build.0 = Debug|Any CPU
		{E7084D22-4885-4361-9BC3-208D6AAC82C8}.Debug|x86.ActiveCfg = Debug|Any CPU
		{E7084D22-4885-4361-9BC3-208D6AAC82C8}.Debug|x86.Build.0 = Debug|Any CPU
		{E7084D22-4885-4361-9BC3-208D6AAC82C8}.Release|Any CPU.ActiveCfg = Release|Any CPU
		{E7084D22-4885-4361-9BC3-208D6AAC82C8}.Release|Any CPU.Build.0 = Release|Any CPU
		{E7084D22-4885-4361-9BC3-208D6AAC82C8}.Release|x64.ActiveCfg = Release|Any CPU
		{E7084D22-4885-4361-9BC3-208D6AAC82C8}.Release|x64.Build.0 = Release|Any CPU
		{E7084D22-4885-4361-9BC3-208D6AAC82C8}.Release|x86.ActiveCfg = Release|Any CPU
		{E7084D22-4885-4361-9BC3-208D6AAC82C8}.Release|x86.Build.0 = Release|Any CPU
		{11A258EE-68CF-4057-825C-07F1F058C0A5}.Debug|Any CPU.ActiveCfg = Debug|Any CPU
		{11A258EE-68CF-4057-825C-07F1F058C0A5}.Debug|Any CPU.Build.0 = Debug|Any CPU
		{11A258EE-68CF-4057-825C-07F1F058C0A5}.Debug|x64.ActiveCfg = Debug|Any CPU
		{11A258EE-68CF-4057-825C-07F1F058C0A5}.Debug|x64.Build.0 = Debug|Any CPU
		{11A258EE-68CF-4057-825C-07F1F058C0A5}.Debug|x86.ActiveCfg = Debug|Any CPU
		{11A258EE-68CF-4057-825C-07F1F058C0A5}.Debug|x86.Build.0 = Debug|Any CPU
		{11A258EE-68CF-4057-825C-07F1F058C0A5}.Release|Any CPU.ActiveCfg = Release|Any CPU
		{11A258EE-68CF-4057-825C-07F1F058C0A5}.Release|Any CPU.Build.0 = Release|Any CPU
		{11A258EE-68CF-4057-825C-07F1F058C0A5}.Release|x64.ActiveCfg = Release|Any CPU
		{11A258EE-68CF-4057-825C-07F1F058C0A5}.Release|x64.Build.0 = Release|Any CPU
		{11A258EE-68CF-4057-825C-07F1F058C0A5}.Release|x86.ActiveCfg = Release|Any CPU
		{11A258EE-68CF-4057-825C-07F1F058C0A5}.Release|x86.Build.0 = Release|Any CPU
		{32E1F09F-D6A6-4605-8902-1FC97692E9D3}.Debug|Any CPU.ActiveCfg = Debug|Any CPU
		{32E1F09F-D6A6-4605-8902-1FC97692E9D3}.Debug|Any CPU.Build.0 = Debug|Any CPU
		{32E1F09F-D6A6-4605-8902-1FC97692E9D3}.Debug|x64.ActiveCfg = Debug|Any CPU
		{32E1F09F-D6A6-4605-8902-1FC97692E9D3}.Debug|x64.Build.0 = Debug|Any CPU
		{32E1F09F-D6A6-4605-8902-1FC97692E9D3}.Debug|x86.ActiveCfg = Debug|Any CPU
		{32E1F09F-D6A6-4605-8902-1FC97692E9D3}.Debug|x86.Build.0 = Debug|Any CPU
		{32E1F09F-D6A6-4605-8902-1FC97692E9D3}.Release|Any CPU.ActiveCfg = Release|Any CPU
		{32E1F09F-D6A6-4605-8902-1FC97692E9D3}.Release|Any CPU.Build.0 = Release|Any CPU
		{32E1F09F-D6A6-4605-8902-1FC97692E9D3}.Release|x64.ActiveCfg = Release|Any CPU
		{32E1F09F-D6A6-4605-8902-1FC97692E9D3}.Release|x64.Build.0 = Release|Any CPU
		{32E1F09F-D6A6-4605-8902-1FC97692E9D3}.Release|x86.ActiveCfg = Release|Any CPU
		{32E1F09F-D6A6-4605-8902-1FC97692E9D3}.Release|x86.Build.0 = Release|Any CPU
		{7A3F8B2E-C4D5-4E6F-A7B8-9C0D1E2F3A4B}.Debug|Any CPU.ActiveCfg = Debug|Any CPU
		{7A3F8B2E-C4D5-4E6F-A7B8-9C0D1E2F3A4B}.Debug|Any CPU.Build.0 = Debug|Any CPU
		{7A3F8B2E-C4D5-4E6F-A7B8-9C0D1E2F3A4B}.Debug|x64.ActiveCfg = Debug|Any CPU
		{7A3F8B2E-C4D5-4E6F-A7B8-9C0D1E2F3A4B}.Debug|x64.Build.0 = Debug|Any CPU
		{7A3F8B2E-C4D5-4E6F-A7B8-9C0D1E2F3A4B}.Debug|x86.ActiveCfg = Debug|Any CPU
		{7A3F8B2E-C4D5-4E6F-A7B8-9C0D1E2F3A4B}.Debug|x86.Build.0 = Debug|Any CPU
		{7A3F8B2E-C4D5-4E6F-A7B8-9C0D1E2F3A4B}.Release|Any CPU.ActiveCfg = Release|Any CPU
		{7A3F8B2E-C4D5-4E6F-A7B8-9C0D1E2F3A4B}.Release|Any CPU.Build.0 = Release|Any CPU
		{7A3F8B2E-C4D5-4E6F-A7B8-9C0D1E2F3A4B}.Release|x64.ActiveCfg = Release|Any CPU
		{7A3F8B2E-C4D5-4E6F-A7B8-9C0D1E2F3A4B}.Release|x64.Build.0 = Release|Any CPU
		{7A3F8B2E-C4D5-4E6F-A7B8-9C0D1E2F3A4B}.Release|x86.ActiveCfg = Release|Any CPU
		{7A3F8B2E-C4D5-4E6F-A7B8-9C0D1E2F3A4B}.Release|x86.Build.0 = Release|Any CPU
		{8B4F9C3F-D5E6-4F7A-B8C9-0D1E2F3A4B5C}.Debug|Any CPU.ActiveCfg = Debug|Any CPU
		{8B4F9C3F-D5E6-4F7A-B8C9-0D1E2F3A4B5C}.Debug|Any CPU.Build.0 = Debug|Any CPU
		{8B4F9C3F-D5E6-4F7A-B8C9-0D1E2F3A4B5C}.Debug|x64.ActiveCfg = Debug|Any CPU
		{8B4F9C3F-D5E6-4F7A-B8C9-0D1E2F3A4B5C}.Debug|x64.Build.0 = Debug|Any CPU
		{8B4F9C3F-D5E6-4F7A-B8C9-0D1E2F3A4B5C}.Debug|x86.ActiveCfg = Debug|Any CPU
		{8B4F9C3F-D5E6-4F7A-B8C9-0D1E2F3A4B5C}.Debug|x86.Build.0 = Debug|Any CPU
		{8B4F9C3F-D5E6-4F7A-B8C9-0D1E2F3A4B5C}.Release|Any CPU.ActiveCfg = Release|Any CPU
		{8B4F9C3F-D5E6-4F7A-B8C9-0D1E2F3A4B5C}.Release|Any CPU.Build.0 = Release|Any CPU
		{8B4F9C3F-D5E6-4F7A-B8C9-0D1E2F3A4B5C}.Release|x64.ActiveCfg = Release|Any CPU
		{8B4F9C3F-D5E6-4F7A-B8C9-0D1E2F3A4B5C}.Release|x64.Build.0 = Release|Any CPU
		{8B4F9C3F-D5E6-4F7A-B8C9-0D1E2F3A4B5C}.Release|x86.ActiveCfg = Release|Any CPU
		{8B4F9C3F-D5E6-4F7A-B8C9-0D1E2F3A4B5C}.Release|x86.Build.0 = Release|Any CPU
	EndGlobalSection
	GlobalSection(SolutionProperties) = preSolution
		HideSolutionNode = FALSE
	EndGlobalSection
	GlobalSection(NestedProjects) = preSolution
		{1E79DC81-59E1-4E4F-8B73-7F05E99F03F4} = {827E0CD3-B72D-47B6-A68D-7590B98EB39B}
		{C7CC0394-6DE6-44C6-A6F3-EC9F5376B0D0} = {0AB3BF05-4346-4AA6-1389-037BE0695223}
		{B1B07978-1CCC-4DE3-A9AD-2E0B10DF6CB0} = {827E0CD3-B72D-47B6-A68D-7590B98EB39B}
		{738F9CC6-9EAC-4EA0-9B8B-DD6A5157A1F1} = {0AB3BF05-4346-4AA6-1389-037BE0695223}
		{10DA306C-4AB2-464D-B090-3DA7B18B1C08} = {827E0CD3-B72D-47B6-A68D-7590B98EB39B}
		{45DB0E17-0355-4342-8218-2FD8FA545157} = {0AB3BF05-4346-4AA6-1389-037BE0695223}
		{1642C0BD-0B5B-476D-86EB-73BE3CD9BD67} = {827E0CD3-B72D-47B6-A68D-7590B98EB39B}
		{5B3662DC-7BC8-4981-8F0F-30FB12CFD3F7} = {827E0CD3-B72D-47B6-A68D-7590B98EB39B}
		{4CA09022-5929-44B8-9777-CA824EC9A8EE} = {0AB3BF05-4346-4AA6-1389-037BE0695223}
		{9C52B513-E62D-49D4-9D5A-3F8C5BAB2876} = {0AB3BF05-4346-4AA6-1389-037BE0695223}
		{EF193372-AD19-4918-87F2-5B875AC840E1} = {0AB3BF05-4346-4AA6-1389-037BE0695223}
		{8EC120F4-EB87-4C2F-B12F-3AD14C857BA9} = {0AB3BF05-4346-4AA6-1389-037BE0695223}
		{B1D38F8D-67C5-431F-BB47-BF02AE1E4AEB} = {0AB3BF05-4346-4AA6-1389-037BE0695223}
		{9FC294F4-9010-497A-808A-8F336AE6B5B4} = {0AB3BF05-4346-4AA6-1389-037BE0695223}
		{04BEC730-FDD3-4204-A020-08092795BD03} = {0AB3BF05-4346-4AA6-1389-037BE0695223}
		{E7084D22-4885-4361-9BC3-208D6AAC82C8} = {827E0CD3-B72D-47B6-A68D-7590B98EB39B}
		{11A258EE-68CF-4057-825C-07F1F058C0A5} = {827E0CD3-B72D-47B6-A68D-7590B98EB39B}
		{32E1F09F-D6A6-4605-8902-1FC97692E9D3} = {0AB3BF05-4346-4AA6-1389-037BE0695223}
		{7A3F8B2E-C4D5-4E6F-A7B8-9C0D1E2F3A4B} = {827E0CD3-B72D-47B6-A68D-7590B98EB39B}
		{8B4F9C3F-D5E6-4F7A-B8C9-0D1E2F3A4B5C} = {0AB3BF05-4346-4AA6-1389-037BE0695223}
	EndGlobalSection
EndGlobal
